// !$*UTF8*$!
{
	archiveVersion = 1;
	classes = {
	};
	objectVersion = 46;
	objects = {

/* Begin PBXBuildFile section */
		4AF74EEE1CA33EC900B62B97 /* AppDelegate.swift in Sources */ = {isa = PBXBuildFile; fileRef = 4AF74EED1CA33EC900B62B97 /* AppDelegate.swift */; };
		4AF74EF01CA33EC900B62B97 /* ViewController.swift in Sources */ = {isa = PBXBuildFile; fileRef = 4AF74EEF1CA33EC900B62B97 /* ViewController.swift */; };
		4AF74EF31CA33EC900B62B97 /* Main.storyboard in Resources */ = {isa = PBXBuildFile; fileRef = 4AF74EF11CA33EC900B62B97 /* Main.storyboard */; };
		4AF74EF51CA33EC900B62B97 /* Assets.xcassets in Resources */ = {isa = PBXBuildFile; fileRef = 4AF74EF41CA33EC900B62B97 /* Assets.xcassets */; };
		4AF74EF81CA33EC900B62B97 /* LaunchScreen.storyboard in Resources */ = {isa = PBXBuildFile; fileRef = 4AF74EF61CA33EC900B62B97 /* LaunchScreen.storyboard */; };
		4AF74F031CA33EC900B62B97 /* PersistanceTests.swift in Sources */ = {isa = PBXBuildFile; fileRef = 4AF74F021CA33EC900B62B97 /* PersistanceTests.swift */; };
		4AF74F0E1CA33EC900B62B97 /* PersistanceUITests.swift in Sources */ = {isa = PBXBuildFile; fileRef = 4AF74F0D1CA33EC900B62B97 /* PersistanceUITests.swift */; };
		4AF74F1C1CAF28B300B62B97 /* FourLines.swift in Sources */ = {isa = PBXBuildFile; fileRef = 4AF74F1B1CAF28B300B62B97 /* FourLines.swift */; };
/* End PBXBuildFile section */

/* Begin PBXContainerItemProxy section */
		4AF74EFF1CA33EC900B62B97 /* PBXContainerItemProxy */ = {
			isa = PBXContainerItemProxy;
			containerPortal = 4AF74EE21CA33EC900B62B97 /* Project object */;
			proxyType = 1;
			remoteGlobalIDString = 4AF74EE91CA33EC900B62B97;
			remoteInfo = Persistance;
		};
		4AF74F0A1CA33EC900B62B97 /* PBXContainerItemProxy */ = {
			isa = PBXContainerItemProxy;
			containerPortal = 4AF74EE21CA33EC900B62B97 /* Project object */;
			proxyType = 1;
			remoteGlobalIDString = 4AF74EE91CA33EC900B62B97;
			remoteInfo = Persistance;
		};
/* End PBXContainerItemProxy section */

/* Begin PBXFileReference section */
		4AF74EEA1CA33EC900B62B97 /* Persistance.app */ = {isa = PBXFileReference; explicitFileType = wrapper.application; includeInIndex = 0; path = Persistance.app; sourceTree = BUILT_PRODUCTS_DIR; };
		4AF74EED1CA33EC900B62B97 /* AppDelegate.swift */ = {isa = PBXFileReference; lastKnownFileType = sourcecode.swift; path = AppDelegate.swift; sourceTree = "<group>"; };
		4AF74EEF1CA33EC900B62B97 /* ViewController.swift */ = {isa = PBXFileReference; lastKnownFileType = sourcecode.swift; path = ViewController.swift; sourceTree = "<group>"; };
		4AF74EF21CA33EC900B62B97 /* Base */ = {isa = PBXFileReference; lastKnownFileType = file.storyboard; name = Base; path = Base.lproj/Main.storyboard; sourceTree = "<group>"; };
		4AF74EF41CA33EC900B62B97 /* Assets.xcassets */ = {isa = PBXFileReference; lastKnownFileType = folder.assetcatalog; path = Assets.xcassets; sourceTree = "<group>"; };
		4AF74EF71CA33EC900B62B97 /* Base */ = {isa = PBXFileReference; lastKnownFileType = file.storyboard; name = Base; path = Base.lproj/LaunchScreen.storyboard; sourceTree = "<group>"; };
		4AF74EF91CA33EC900B62B97 /* Info.plist */ = {isa = PBXFileReference; lastKnownFileType = text.plist.xml; path = Info.plist; sourceTree = "<group>"; };
		4AF74EFE1CA33EC900B62B97 /* PersistanceTests.xctest */ = {isa = PBXFileReference; explicitFileType = wrapper.cfbundle; includeInIndex = 0; path = PersistanceTests.xctest; sourceTree = BUILT_PRODUCTS_DIR; };
		4AF74F021CA33EC900B62B97 /* PersistanceTests.swift */ = {isa = PBXFileReference; lastKnownFileType = sourcecode.swift; path = PersistanceTests.swift; sourceTree = "<group>"; };
		4AF74F041CA33EC900B62B97 /* Info.plist */ = {isa = PBXFileReference; lastKnownFileType = text.plist.xml; path = Info.plist; sourceTree = "<group>"; };
		4AF74F091CA33EC900B62B97 /* PersistanceUITests.xctest */ = {isa = PBXFileReference; explicitFileType = wrapper.cfbundle; includeInIndex = 0; path = PersistanceUITests.xctest; sourceTree = BUILT_PRODUCTS_DIR; };
		4AF74F0D1CA33EC900B62B97 /* PersistanceUITests.swift */ = {isa = PBXFileReference; lastKnownFileType = sourcecode.swift; path = PersistanceUITests.swift; sourceTree = "<group>"; };
		4AF74F0F1CA33EC900B62B97 /* Info.plist */ = {isa = PBXFileReference; lastKnownFileType = text.plist.xml; path = Info.plist; sourceTree = "<group>"; };
		4AF74F1B1CAF28B300B62B97 /* FourLines.swift */ = {isa = PBXFileReference; fileEncoding = 4; lastKnownFileType = sourcecode.swift; path = FourLines.swift; sourceTree = "<group>"; };
/* End PBXFileReference section */

/* Begin PBXFrameworksBuildPhase section */
		4AF74EE71CA33EC900B62B97 /* Frameworks */ = {
			isa = PBXFrameworksBuildPhase;
			buildActionMask = 2147483647;
			files = (
			);
			runOnlyForDeploymentPostprocessing = 0;
		};
		4AF74EFB1CA33EC900B62B97 /* Frameworks */ = {
			isa = PBXFrameworksBuildPhase;
			buildActionMask = 2147483647;
			files = (
			);
			runOnlyForDeploymentPostprocessing = 0;
		};
		4AF74F061CA33EC900B62B97 /* Frameworks */ = {
			isa = PBXFrameworksBuildPhase;
			buildActionMask = 2147483647;
			files = (
			);
			runOnlyForDeploymentPostprocessing = 0;
		};
/* End PBXFrameworksBuildPhase section */

/* Begin PBXGroup section */
		4AF74EE11CA33EC900B62B97 = {
			isa = PBXGroup;
			children = (
				4AF74EEC1CA33EC900B62B97 /* Persistance */,
				4AF74F011CA33EC900B62B97 /* PersistanceTests */,
				4AF74F0C1CA33EC900B62B97 /* PersistanceUITests */,
				4AF74EEB1CA33EC900B62B97 /* Products */,
			);
			sourceTree = "<group>";
		};
		4AF74EEB1CA33EC900B62B97 /* Products */ = {
			isa = PBXGroup;
			children = (
				4AF74EEA1CA33EC900B62B97 /* Persistance.app */,
				4AF74EFE1CA33EC900B62B97 /* PersistanceTests.xctest */,
				4AF74F091CA33EC900B62B97 /* PersistanceUITests.xctest */,
			);
			name = Products;
			sourceTree = "<group>";
		};
		4AF74EEC1CA33EC900B62B97 /* Persistance */ = {
			isa = PBXGroup;
			children = (
				4AF74EED1CA33EC900B62B97 /* AppDelegate.swift */,
				4AF74EEF1CA33EC900B62B97 /* ViewController.swift */,
				4AF74EF11CA33EC900B62B97 /* Main.storyboard */,
				4AF74F1B1CAF28B300B62B97 /* FourLines.swift */,
				4AF74EF41CA33EC900B62B97 /* Assets.xcassets */,
				4AF74EF61CA33EC900B62B97 /* LaunchScreen.storyboard */,
				4AF74EF91CA33EC900B62B97 /* Info.plist */,
			);
			path = Persistance;
			sourceTree = "<group>";
		};
		4AF74F011CA33EC900B62B97 /* PersistanceTests */ = {
			isa = PBXGroup;
			children = (
				4AF74F021CA33EC900B62B97 /* PersistanceTests.swift */,
				4AF74F041CA33EC900B62B97 /* Info.plist */,
			);
			path = PersistanceTests;
			sourceTree = "<group>";
		};
		4AF74F0C1CA33EC900B62B97 /* PersistanceUITests */ = {
			isa = PBXGroup;
			children = (
				4AF74F0D1CA33EC900B62B97 /* PersistanceUITests.swift */,
				4AF74F0F1CA33EC900B62B97 /* Info.plist */,
			);
			path = PersistanceUITests;
			sourceTree = "<group>";
		};
/* End PBXGroup section */

/* Begin PBXNativeTarget section */
		4AF74EE91CA33EC900B62B97 /* Persistance */ = {
			isa = PBXNativeTarget;
			buildConfigurationList = 4AF74F121CA33EC900B62B97 /* Build configuration list for PBXNativeTarget "Persistance" */;
			buildPhases = (
				4AF74EE61CA33EC900B62B97 /* Sources */,
				4AF74EE71CA33EC900B62B97 /* Frameworks */,
				4AF74EE81CA33EC900B62B97 /* Resources */,
			);
			buildRules = (
			);
			dependencies = (
			);
			name = Persistance;
			productName = Persistance;
			productReference = 4AF74EEA1CA33EC900B62B97 /* Persistance.app */;
			productType = "com.apple.product-type.application";
		};
		4AF74EFD1CA33EC900B62B97 /* PersistanceTests */ = {
			isa = PBXNativeTarget;
			buildConfigurationList = 4AF74F151CA33EC900B62B97 /* Build configuration list for PBXNativeTarget "PersistanceTests" */;
			buildPhases = (
				4AF74EFA1CA33EC900B62B97 /* Sources */,
				4AF74EFB1CA33EC900B62B97 /* Frameworks */,
				4AF74EFC1CA33EC900B62B97 /* Resources */,
			);
			buildRules = (
			);
			dependencies = (
				4AF74F001CA33EC900B62B97 /* PBXTargetDependency */,
			);
			name = PersistanceTests;
			productName = PersistanceTests;
			productReference = 4AF74EFE1CA33EC900B62B97 /* PersistanceTests.xctest */;
			productType = "com.apple.product-type.bundle.unit-test";
		};
		4AF74F081CA33EC900B62B97 /* PersistanceUITests */ = {
			isa = PBXNativeTarget;
			buildConfigurationList = 4AF74F181CA33EC900B62B97 /* Build configuration list for PBXNativeTarget "PersistanceUITests" */;
			buildPhases = (
				4AF74F051CA33EC900B62B97 /* Sources */,
				4AF74F061CA33EC900B62B97 /* Frameworks */,
				4AF74F071CA33EC900B62B97 /* Resources */,
			);
			buildRules = (
			);
			dependencies = (
				4AF74F0B1CA33EC900B62B97 /* PBXTargetDependency */,
			);
			name = PersistanceUITests;
			productName = PersistanceUITests;
			productReference = 4AF74F091CA33EC900B62B97 /* PersistanceUITests.xctest */;
			productType = "com.apple.product-type.bundle.ui-testing";
		};
/* End PBXNativeTarget section */

/* Begin PBXProject section */
		4AF74EE21CA33EC900B62B97 /* Project object */ = {
			isa = PBXProject;
			attributes = {
				LastSwiftUpdateCheck = 0720;
				LastUpgradeCheck = 0720;
				ORGANIZATIONNAME = "Alejandro Salas";
				TargetAttributes = {
					4AF74EE91CA33EC900B62B97 = {
						CreatedOnToolsVersion = 7.2.1;
					};
					4AF74EFD1CA33EC900B62B97 = {
						CreatedOnToolsVersion = 7.2.1;
						TestTargetID = 4AF74EE91CA33EC900B62B97;
					};
					4AF74F081CA33EC900B62B97 = {
						CreatedOnToolsVersion = 7.2.1;
						TestTargetID = 4AF74EE91CA33EC900B62B97;
					};
				};
			};
			buildConfigurationList = 4AF74EE51CA33EC900B62B97 /* Build configuration list for PBXProject "Persistance" */;
			compatibilityVersion = "Xcode 3.2";
			developmentRegion = English;
			hasScannedForEncodings = 0;
			knownRegions = (
				en,
				Base,
			);
			mainGroup = 4AF74EE11CA33EC900B62B97;
			productRefGroup = 4AF74EEB1CA33EC900B62B97 /* Products */;
			projectDirPath = "";
			projectRoot = "";
			targets = (
				4AF74EE91CA33EC900B62B97 /* Persistance */,
				4AF74EFD1CA33EC900B62B97 /* PersistanceTests */,
				4AF74F081CA33EC900B62B97 /* PersistanceUITests */,
			);
		};
/* End PBXProject section */

/* Begin PBXResourcesBuildPhase section */
		4AF74EE81CA33EC900B62B97 /* Resources */ = {
			isa = PBXResourcesBuildPhase;
			buildActionMask = 2147483647;
			files = (
				4AF74EF81CA33EC900B62B97 /* LaunchScreen.storyboard in Resources */,
				4AF74EF51CA33EC900B62B97 /* Assets.xcassets in Resources */,
				4AF74EF31CA33EC900B62B97 /* Main.storyboard in Resources */,
			);
			runOnlyForDeploymentPostprocessing = 0;
		};
		4AF74EFC1CA33EC900B62B97 /* Resources */ = {
			isa = PBXResourcesBuildPhase;
			buildActionMask = 2147483647;
			files = (
			);
			runOnlyForDeploymentPostprocessing = 0;
		};
		4AF74F071CA33EC900B62B97 /* Resources */ = {
			isa = PBXResourcesBuildPhase;
			buildActionMask = 2147483647;
			files = (
			);
			runOnlyForDeploymentPostprocessing = 0;
		};
/* End PBXResourcesBuildPhase section */

/* Begin PBXSourcesBuildPhase section */
		4AF74EE61CA33EC900B62B97 /* Sources */ = {
			isa = PBXSourcesBuildPhase;
			buildActionMask = 2147483647;
			files = (
				4AF74EF01CA33EC900B62B97 /* ViewController.swift in Sources */,
				4AF74F1C1CAF28B300B62B97 /* FourLines.swift in Sources */,
				4AF74EEE1CA33EC900B62B97 /* AppDelegate.swift in Sources */,
			);
			runOnlyForDeploymentPostprocessing = 0;
		};
		4AF74EFA1CA33EC900B62B97 /* Sources */ = {
			isa = PBXSourcesBuildPhase;
			buildActionMask = 2147483647;
			files = (
				4AF74F031CA33EC900B62B97 /* PersistanceTests.swift in Sources */,
			);
			runOnlyForDeploymentPostprocessing = 0;
		};
		4AF74F051CA33EC900B62B97 /* Sources */ = {
			isa = PBXSourcesBuildPhase;
			buildActionMask = 2147483647;
			files = (
				4AF74F0E1CA33EC900B62B97 /* PersistanceUITests.swift in Sources */,
			);
			runOnlyForDeploymentPostprocessing = 0;
		};
/* End PBXSourcesBuildPhase section */

/* Begin PBXTargetDependency section */
		4AF74F001CA33EC900B62B97 /* PBXTargetDependency */ = {
			isa = PBXTargetDependency;
			target = 4AF74EE91CA33EC900B62B97 /* Persistance */;
			targetProxy = 4AF74EFF1CA33EC900B62B97 /* PBXContainerItemProxy */;
		};
		4AF74F0B1CA33EC900B62B97 /* PBXTargetDependency */ = {
			isa = PBXTargetDependency;
			target = 4AF74EE91CA33EC900B62B97 /* Persistance */;
			targetProxy = 4AF74F0A1CA33EC900B62B97 /* PBXContainerItemProxy */;
		};
/* End PBXTargetDependency section */

/* Begin PBXVariantGroup section */
		4AF74EF11CA33EC900B62B97 /* Main.storyboard */ = {
			isa = PBXVariantGroup;
			children = (
				4AF74EF21CA33EC900B62B97 /* Base */,
			);
			name = Main.storyboard;
			sourceTree = "<group>";
		};
		4AF74EF61CA33EC900B62B97 /* LaunchScreen.storyboard */ = {
			isa = PBXVariantGroup;
			children = (
				4AF74EF71CA33EC900B62B97 /* Base */,
			);
			name = LaunchScreen.storyboard;
			sourceTree = "<group>";
		};
/* End PBXVariantGroup section */

/* Begin XCBuildConfiguration section */
		4AF74F101CA33EC900B62B97 /* Debug */ = {
			isa = XCBuildConfiguration;
			buildSettings = {
				ALWAYS_SEARCH_USER_PATHS = NO;
				CLANG_CXX_LANGUAGE_STANDARD = "gnu++0x";
				CLANG_CXX_LIBRARY = "libc++";
				CLANG_ENABLE_MODULES = YES;
				CLANG_ENABLE_OBJC_ARC = YES;
				CLANG_WARN_BOOL_CONVERSION = YES;
				CLANG_WARN_CONSTANT_CONVERSION = YES;
				CLANG_WARN_DIRECT_OBJC_ISA_USAGE = YES_ERROR;
				CLANG_WARN_EMPTY_BODY = YES;
				CLANG_WARN_ENUM_CONVERSION = YES;
				CLANG_WARN_INT_CONVERSION = YES;
				CLANG_WARN_OBJC_ROOT_CLASS = YES_ERROR;
				CLANG_WARN_UNREACHABLE_CODE = YES;
				CLANG_WARN__DUPLICATE_METHOD_MATCH = YES;
				"CODE_SIGN_IDENTITY[sdk=iphoneos*]" = "iPhone Developer";
				COPY_PHASE_STRIP = NO;
				DEBUG_INFORMATION_FORMAT = dwarf;
				ENABLE_STRICT_OBJC_MSGSEND = YES;
				ENABLE_TESTABILITY = YES;
				GCC_C_LANGUAGE_STANDARD = gnu99;
				GCC_DYNAMIC_NO_PIC = NO;
				GCC_NO_COMMON_BLOCKS = YES;
				GCC_OPTIMIZATION_LEVEL = 0;
				GCC_PREPROCESSOR_DEFINITIONS = (
					"DEBUG=1",
					"$(inherited)",
				);
				GCC_WARN_64_TO_32_BIT_CONVERSION = YES;
				GCC_WARN_ABOUT_RETURN_TYPE = YES_ERROR;
				GCC_WARN_UNDECLARED_SELECTOR = YES;
				GCC_WARN_UNINITIALIZED_AUTOS = YES_AGGRESSIVE;
				GCC_WARN_UNUSED_FUNCTION = YES;
				GCC_WARN_UNUSED_VARIABLE = YES;
				IPHONEOS_DEPLOYMENT_TARGET = 9.2;
				MTL_ENABLE_DEBUG_INFO = YES;
				ONLY_ACTIVE_ARCH = YES;
				SDKROOT = iphoneos;
				SWIFT_OPTIMIZATION_LEVEL = "-Onone";
				TARGETED_DEVICE_FAMILY = "1,2";
			};
			name = Debug;
		};
		4AF74F111CA33EC900B62B97 /* Release */ = {
			isa = XCBuildConfiguration;
			buildSettings = {
				ALWAYS_SEARCH_USER_PATHS = NO;
				CLANG_CXX_LANGUAGE_STANDARD = "gnu++0x";
				CLANG_CXX_LIBRARY = "libc++";
				CLANG_ENABLE_MODULES = YES;
				CLANG_ENABLE_OBJC_ARC = YES;
				CLANG_WARN_BOOL_CONVERSION = YES;
				CLANG_WARN_CONSTANT_CONVERSION = YES;
				CLANG_WARN_DIRECT_OBJC_ISA_USAGE = YES_ERROR;
				CLANG_WARN_EMPTY_BODY = YES;
				CLANG_WARN_ENUM_CONVERSION = YES;
				CLANG_WARN_INT_CONVERSION = YES;
				CLANG_WARN_OBJC_ROOT_CLASS = YES_ERROR;
				CLANG_WARN_UNREACHABLE_CODE = YES;
				CLANG_WARN__DUPLICATE_METHOD_MATCH = YES;
				"CODE_SIGN_IDENTITY[sdk=iphoneos*]" = "iPhone Developer";
				COPY_PHASE_STRIP = NO;
				DEBUG_INFORMATION_FORMAT = "dwarf-with-dsym";
				ENABLE_NS_ASSERTIONS = NO;
				ENABLE_STRICT_OBJC_MSGSEND = YES;
				GCC_C_LANGUAGE_STANDARD = gnu99;
				GCC_NO_COMMON_BLOCKS = YES;
				GCC_WARN_64_TO_32_BIT_CONVERSION = YES;
				GCC_WARN_ABOUT_RETURN_TYPE = YES_ERROR;
				GCC_WARN_UNDECLARED_SELECTOR = YES;
				GCC_WARN_UNINITIALIZED_AUTOS = YES_AGGRESSIVE;
				GCC_WARN_UNUSED_FUNCTION = YES;
				GCC_WARN_UNUSED_VARIABLE = YES;
				IPHONEOS_DEPLOYMENT_TARGET = 9.2;
				MTL_ENABLE_DEBUG_INFO = NO;
				SDKROOT = iphoneos;
				TARGETED_DEVICE_FAMILY = "1,2";
				VALIDATE_PRODUCT = YES;
			};
			name = Release;
		};
		4AF74F131CA33EC900B62B97 /* Debug */ = {
			isa = XCBuildConfiguration;
			buildSettings = {
				ASSETCATALOG_COMPILER_APPICON_NAME = AppIcon;
				INFOPLIST_FILE = Persistance/Info.plist;
				LD_RUNPATH_SEARCH_PATHS = "$(inherited) @executable_path/Frameworks";
				PRODUCT_BUNDLE_IDENTIFIER = Salas.Persistance;
				PRODUCT_NAME = "$(TARGET_NAME)";
			};
			name = Debug;
		};
		4AF74F141CA33EC900B62B97 /* Release */ = {
			isa = XCBuildConfiguration;
			buildSettings = {
				ASSETCATALOG_COMPILER_APPICON_NAME = AppIcon;
				INFOPLIST_FILE = Persistance/Info.plist;
				LD_RUNPATH_SEARCH_PATHS = "$(inherited) @executable_path/Frameworks";
				PRODUCT_BUNDLE_IDENTIFIER = Salas.Persistance;
				PRODUCT_NAME = "$(TARGET_NAME)";
			};
			name = Release;
		};
		4AF74F161CA33EC900B62B97 /* Debug */ = {
			isa = XCBuildConfiguration;
			buildSettings = {
				BUNDLE_LOADER = "$(TEST_HOST)";
				INFOPLIST_FILE = PersistanceTests/Info.plist;
				LD_RUNPATH_SEARCH_PATHS = "$(inherited) @executable_path/Frameworks @loader_path/Frameworks";
				PRODUCT_BUNDLE_IDENTIFIER = Salas.PersistanceTests;
				PRODUCT_NAME = "$(TARGET_NAME)";
				TEST_HOST = "$(BUILT_PRODUCTS_DIR)/Persistance.app/Persistance";
			};
			name = Debug;
		};
		4AF74F171CA33EC900B62B97 /* Release */ = {
			isa = XCBuildConfiguration;
			buildSettings = {
				BUNDLE_LOADER = "$(TEST_HOST)";
				INFOPLIST_FILE = PersistanceTests/Info.plist;
				LD_RUNPATH_SEARCH_PATHS = "$(inherited) @executable_path/Frameworks @loader_path/Frameworks";
				PRODUCT_BUNDLE_IDENTIFIER = Salas.PersistanceTests;
				PRODUCT_NAME = "$(TARGET_NAME)";
				TEST_HOST = "$(BUILT_PRODUCTS_DIR)/Persistance.app/Persistance";
			};
			name = Release;
		};
		4AF74F191CA33EC900B62B97 /* Debug */ = {
			isa = XCBuildConfiguration;
			buildSettings = {
				INFOPLIST_FILE = PersistanceUITests/Info.plist;
				LD_RUNPATH_SEARCH_PATHS = "$(inherited) @executable_path/Frameworks @loader_path/Frameworks";
				PRODUCT_BUNDLE_IDENTIFIER = Salas.PersistanceUITests;
				PRODUCT_NAME = "$(TARGET_NAME)";
				TEST_TARGET_NAME = Persistance;
				USES_XCTRUNNER = YES;
			};
			name = Debug;
		};
		4AF74F1A1CA33EC900B62B97 /* Release */ = {
			isa = XCBuildConfiguration;
			buildSettings = {
				INFOPLIST_FILE = PersistanceUITests/Info.plist;
				LD_RUNPATH_SEARCH_PATHS = "$(inherited) @executable_path/Frameworks @loader_path/Frameworks";
				PRODUCT_BUNDLE_IDENTIFIER = Salas.PersistanceUITests;
				PRODUCT_NAME = "$(TARGET_NAME)";
				TEST_TARGET_NAME = Persistance;
				USES_XCTRUNNER = YES;
			};
			name = Release;
		};
/* End XCBuildConfiguration section */

/* Begin XCConfigurationList section */
		4AF74EE51CA33EC900B62B97 /* Build configuration list for PBXProject "Persistance" */ = {
			isa = XCConfigurationList;
			buildConfigurations = (
				4AF74F101CA33EC900B62B97 /* Debug */,
				4AF74F111CA33EC900B62B97 /* Release */,
			);
			defaultConfigurationIsVisible = 0;
			defaultConfigurationName = Release;
		};
		4AF74F121CA33EC900B62B97 /* Build configuration list for PBXNativeTarget "Persistance" */ = {
			isa = XCConfigurationList;
			buildConfigurations = (
				4AF74F131CA33EC900B62B97 /* Debug */,
				4AF74F141CA33EC900B62B97 /* Release */,
			);
			defaultConfigurationIsVisible = 0;
		};
		4AF74F151CA33EC900B62B97 /* Build configuration list for PBXNativeTarget "PersistanceTests" */ = {
			isa = XCConfigurationList;
			buildConfigurations = (
				4AF74F161CA33EC900B62B97 /* Debug */,
				4AF74F171CA33EC900B62B97 /* Release */,
			);
			defaultConfigurationIsVisible = 0;
		};
		4AF74F181CA33EC900B62B97 /* Build configuration list for PBXNativeTarget "PersistanceUITests" */ = {
			isa = XCConfigurationList;
			buildConfigurations = (
				4AF74F191CA33EC900B62B97 /* Debug */,
				4AF74F1A1CA33EC900B62B97 /* Release */,
			);
			defaultConfigurationIsVisible = 0;
		};
/* End XCConfigurationList section */
	};
	rootObject = 4AF74EE21CA33EC900B62B97 /* Project object */;
}
